
Microsoft Visual Studio Solution File, Format Version 12.00
# Visual Studio Version 17
VisualStudioVersion = 17.12.35527.113
MinimumVisualStudioVersion = 10.0.40219.1
Project("{FAE04EC0-301F-11D3-BF4B-00C04F79EFBC}") = "CourseApi", "CourseApi\CourseApi.csproj", "{6EFC6769-CE39-4D48-A28E-F08CC0EA90CB}"
EndProject
Project("{FAE04EC0-301F-11D3-BF4B-00C04F79EFBC}") = "CourseApi.Service", "Services\CourseApi.Service.csproj", "{A49455EA-4582-4B58-92DA-701C9F1E2F85}"
EndProject
Project("{FAE04EC0-301F-11D3-BF4B-00C04F79EFBC}") = "CourseApi.DataLayer", "DataLayer\CourseApi.DataLayer.csproj", "{6692F7D0-05E3-44D4-927B-1011FDFD3C61}"
EndProject
Project("{FAE04EC0-301F-11D3-BF4B-00C04F79EFBC}") = "CourseApi.Messaging", "CourseApi.Messaging\CourseApi.Messaging.csproj", "{69EC443C-88FF-4211-8E20-7674CD711AE9}"
EndProject
Project("{2150E333-8FDC-42A3-9474-1A3956D46DE8}") = "SolutionItems", "SolutionItems", "{223255D5-4648-455E-B30A-FBC0A45D7FCC}"
	ProjectSection(SolutionItems) = preProject
		docker-compose.yml = docker-compose.yml
	EndProjectSection
EndProject
Project("{FAE04EC0-301F-11D3-BF4B-00C04F79EFBC}") = "CourseApi.Cache", "CourseApi.Cache\CourseApi.Cache.csproj", "{BF0560D0-9C16-49C1-AC2C-15A1EB01A889}"
EndProject
Global
	GlobalSection(SolutionConfigurationPlatforms) = preSolution
		Debug|Any CPU = Debug|Any CPU
		Release|Any CPU = Release|Any CPU
	EndGlobalSection
	GlobalSection(ProjectConfigurationPlatforms) = postSolution
		{6EFC6769-CE39-4D48-A28E-F08CC0EA90CB}.Debug|Any CPU.ActiveCfg = Debug|Any CPU
		{6EFC6769-CE39-4D48-A28E-F08CC0EA90CB}.Debug|Any CPU.Build.0 = Debug|Any CPU
		{6EFC6769-CE39-4D48-A28E-F08CC0EA90CB}.Release|Any CPU.ActiveCfg = Release|Any CPU
		{6EFC6769-CE39-4D48-A28E-F08CC0EA90CB}.Release|Any CPU.Build.0 = Release|Any CPU
		{A49455EA-4582-4B58-92DA-701C9F1E2F85}.Debug|Any CPU.ActiveCfg = Debug|Any CPU
		{A49455EA-4582-4B58-92DA-701C9F1E2F85}.Debug|Any CPU.Build.0 = Debug|Any CPU
		{A49455EA-4582-4B58-92DA-701C9F1E2F85}.Release|Any CPU.ActiveCfg = Release|Any CPU
		{A49455EA-4582-4B58-92DA-701C9F1E2F85}.Release|Any CPU.Build.0 = Release|Any CPU
		{6692F7D0-05E3-44D4-927B-1011FDFD3C61}.Debug|Any CPU.ActiveCfg = Debug|Any CPU
		{6692F7D0-05E3-44D4-927B-1011FDFD3C61}.Debug|Any CPU.Build.0 = Debug|Any CPU
		{6692F7D0-05E3-44D4-927B-1011FDFD3C61}.Release|Any CPU.ActiveCfg = Release|Any CPU
		{6692F7D0-05E3-44D4-927B-1011FDFD3C61}.Release|Any CPU.Build.0 = Release|Any CPU
		{69EC443C-88FF-4211-8E20-7674CD711AE9}.Debug|Any CPU.ActiveCfg = Debug|Any CPU
		{69EC443C-88FF-4211-8E20-7674CD711AE9}.Debug|Any CPU.Build.0 = Debug|Any CPU
		{69EC443C-88FF-4211-8E20-7674CD711AE9}.Release|Any CPU.ActiveCfg = Release|Any CPU
		{69EC443C-88FF-4211-8E20-7674CD711AE9}.Release|Any CPU.Build.0 = Release|Any CPU
		{BF0560D0-9C16-49C1-AC2C-15A1EB01A889}.Debug|Any CPU.ActiveCfg = Debug|Any CPU
		{BF0560D0-9C16-49C1-AC2C-15A1EB01A889}.Debug|Any CPU.Build.0 = Debug|Any CPU
		{BF0560D0-9C16-49C1-AC2C-15A1EB01A889}.Release|Any CPU.ActiveCfg = Release|Any CPU
		{BF0560D0-9C16-49C1-AC2C-15A1EB01A889}.Release|Any CPU.Build.0 = Release|Any CPU
	EndGlobalSection
	GlobalSection(SolutionProperties) = preSolution
		HideSolutionNode = FALSE
	EndGlobalSection
EndGlobal
